
Microsoft Visual Studio Solution File, Format Version 11.00
# Visual Studio 2010
Project("{8BC9CEB8-8B4A-11D0-8D11-00A0C91BC942}") = "numerical", "numerical\numerical.vcxproj", "{8995D549-E86B-4984-9D06-F95610E5B343}"
EndProject
Project("{8BC9CEB8-8B4A-11D0-8D11-00A0C91BC942}") = "functional", "functional\functional.vcxproj", "{D9F146AA-60AA-479B-84A6-6A88B732B9D9}"
EndProject
Project("{8BC9CEB8-8B4A-11D0-8D11-00A0C91BC942}") = "grassmann", "grassmann\grassmann.vcxproj", "{3A468A8F-41C9-4F97-99B9-7BCDE959193F}"
EndProject
Project("{FAE04EC0-301F-11D3-BF4B-00C04F79EFBC}") = "xll", "xll\xll.csproj", "{52590E2C-9216-48AD-B8B1-B70AE7E732CF}"
EndProject
Project("{8BC9CEB8-8B4A-11D0-8D11-00A0C91BC942}") = "curves", "curves\curves.vcxproj", "{4442F4A6-91DA-4552-9A95-BFC0F4003A31}"
EndProject
Project("{8BC9CEB8-8B4A-11D0-8D11-00A0C91BC942}") = "curves_xll", "curves\curves_xll\curves_xll.vcxproj", "{7F51A584-9774-4536-B8C6-1C53E984F70A}"
EndProject
Project("{8BC9CEB8-8B4A-11D0-8D11-00A0C91BC942}") = "curves_test", "curves\curves_test\curves_test.vcxproj", "{D9E73759-DF05-45C1-B0FE-EC72CC6A1EFC}"
EndProject
Project("{8BC9CEB8-8B4A-11D0-8D11-00A0C91BC942}") = "numerical_test", "numerical\numerical_test\numerical_test.vcxproj", "{DE50B4AA-15DF-47EF-B827-38F1C4AB134B}"
EndProject
Project("{8BC9CEB8-8B4A-11D0-8D11-00A0C91BC942}") = "instruments", "instruments\instruments.vcxproj", "{221A0BFD-4713-4556-B3DC-145E6B506605}"
EndProject
Global
	GlobalSection(SolutionConfigurationPlatforms) = preSolution
		Debug|Mixed Platforms = Debug|Mixed Platforms
		Debug|Win32 = Debug|Win32
		Debug|x86 = Debug|x86
		Release|Mixed Platforms = Release|Mixed Platforms
		Release|Win32 = Release|Win32
		Release|x86 = Release|x86
	EndGlobalSection
	GlobalSection(ProjectConfigurationPlatforms) = postSolution
		{8995D549-E86B-4984-9D06-F95610E5B343}.Debug|Mixed Platforms.ActiveCfg = Debug|Win32
		{8995D549-E86B-4984-9D06-F95610E5B343}.Debug|Mixed Platforms.Build.0 = Debug|Win32
		{8995D549-E86B-4984-9D06-F95610E5B343}.Debug|Win32.ActiveCfg = Debug|Win32
		{8995D549-E86B-4984-9D06-F95610E5B343}.Debug|Win32.Build.0 = Debug|Win32
		{8995D549-E86B-4984-9D06-F95610E5B343}.Debug|x86.ActiveCfg = Debug|Win32
		{8995D549-E86B-4984-9D06-F95610E5B343}.Release|Mixed Platforms.ActiveCfg = Release|Win32
		{8995D549-E86B-4984-9D06-F95610E5B343}.Release|Mixed Platforms.Build.0 = Release|Win32
		{8995D549-E86B-4984-9D06-F95610E5B343}.Release|Win32.ActiveCfg = Release|Win32
		{8995D549-E86B-4984-9D06-F95610E5B343}.Release|Win32.Build.0 = Release|Win32
		{8995D549-E86B-4984-9D06-F95610E5B343}.Release|x86.ActiveCfg = Release|Win32
		{D9F146AA-60AA-479B-84A6-6A88B732B9D9}.Debug|Mixed Platforms.ActiveCfg = Debug|Win32
		{D9F146AA-60AA-479B-84A6-6A88B732B9D9}.Debug|Mixed Platforms.Build.0 = Debug|Win32
		{D9F146AA-60AA-479B-84A6-6A88B732B9D9}.Debug|Win32.ActiveCfg = Debug|Win32
		{D9F146AA-60AA-479B-84A6-6A88B732B9D9}.Debug|Win32.Build.0 = Debug|Win32
		{D9F146AA-60AA-479B-84A6-6A88B732B9D9}.Debug|x86.ActiveCfg = Debug|Win32
		{D9F146AA-60AA-479B-84A6-6A88B732B9D9}.Release|Mixed Platforms.ActiveCfg = Release|Win32
		{D9F146AA-60AA-479B-84A6-6A88B732B9D9}.Release|Mixed Platforms.Build.0 = Release|Win32
		{D9F146AA-60AA-479B-84A6-6A88B732B9D9}.Release|Win32.ActiveCfg = Release|Win32
		{D9F146AA-60AA-479B-84A6-6A88B732B9D9}.Release|Win32.Build.0 = Release|Win32
		{D9F146AA-60AA-479B-84A6-6A88B732B9D9}.Release|x86.ActiveCfg = Release|Win32
		{3A468A8F-41C9-4F97-99B9-7BCDE959193F}.Debug|Mixed Platforms.ActiveCfg = Debug|Win32
		{3A468A8F-41C9-4F97-99B9-7BCDE959193F}.Debug|Mixed Platforms.Build.0 = Debug|Win32
		{3A468A8F-41C9-4F97-99B9-7BCDE959193F}.Debug|Win32.ActiveCfg = Debug|Win32
		{3A468A8F-41C9-4F97-99B9-7BCDE959193F}.Debug|Win32.Build.0 = Debug|Win32
		{3A468A8F-41C9-4F97-99B9-7BCDE959193F}.Debug|x86.ActiveCfg = Debug|Win32
		{3A468A8F-41C9-4F97-99B9-7BCDE959193F}.Release|Mixed Platforms.ActiveCfg = Release|Win32
		{3A468A8F-41C9-4F97-99B9-7BCDE959193F}.Release|Mixed Platforms.Build.0 = Release|Win32
		{3A468A8F-41C9-4F97-99B9-7BCDE959193F}.Release|Win32.ActiveCfg = Release|Win32
		{3A468A8F-41C9-4F97-99B9-7BCDE959193F}.Release|Win32.Build.0 = Release|Win32
		{3A468A8F-41C9-4F97-99B9-7BCDE959193F}.Release|x86.ActiveCfg = Release|Win32
		{52590E2C-9216-48AD-B8B1-B70AE7E732CF}.Debug|Mixed Platforms.ActiveCfg = Debug|x86
		{52590E2C-9216-48AD-B8B1-B70AE7E732CF}.Debug|Mixed Platforms.Build.0 = Debug|x86
		{52590E2C-9216-48AD-B8B1-B70AE7E732CF}.Debug|Win32.ActiveCfg = Debug|x86
		{52590E2C-9216-48AD-B8B1-B70AE7E732CF}.Debug|x86.ActiveCfg = Debug|x86
		{52590E2C-9216-48AD-B8B1-B70AE7E732CF}.Debug|x86.Build.0 = Debug|x86
		{52590E2C-9216-48AD-B8B1-B70AE7E732CF}.Release|Mixed Platforms.ActiveCfg = Release|x86
		{52590E2C-9216-48AD-B8B1-B70AE7E732CF}.Release|Mixed Platforms.Build.0 = Release|x86
		{52590E2C-9216-48AD-B8B1-B70AE7E732CF}.Release|Win32.ActiveCfg = Release|x86
		{52590E2C-9216-48AD-B8B1-B70AE7E732CF}.Release|x86.ActiveCfg = Release|x86
		{52590E2C-9216-48AD-B8B1-B70AE7E732CF}.Release|x86.Build.0 = Release|x86
		{4442F4A6-91DA-4552-9A95-BFC0F4003A31}.Debug|Mixed Platforms.ActiveCfg = Debug|Win32
		{4442F4A6-91DA-4552-9A95-BFC0F4003A31}.Debug|Mixed Platforms.Build.0 = Debug|Win32
		{4442F4A6-91DA-4552-9A95-BFC0F4003A31}.Debug|Win32.ActiveCfg = Debug|Win32
		{4442F4A6-91DA-4552-9A95-BFC0F4003A31}.Debug|Win32.Build.0 = Debug|Win32
		{4442F4A6-91DA-4552-9A95-BFC0F4003A31}.Debug|x86.ActiveCfg = Debug|Win32
		{4442F4A6-91DA-4552-9A95-BFC0F4003A31}.Release|Mixed Platforms.ActiveCfg = Release|Win32
		{4442F4A6-91DA-4552-9A95-BFC0F4003A31}.Release|Mixed Platforms.Build.0 = Release|Win32
		{4442F4A6-91DA-4552-9A95-BFC0F4003A31}.Release|Win32.ActiveCfg = Release|Win32
		{4442F4A6-91DA-4552-9A95-BFC0F4003A31}.Release|Win32.Build.0 = Release|Win32
		{4442F4A6-91DA-4552-9A95-BFC0F4003A31}.Release|x86.ActiveCfg = Release|Win32
		{7F51A584-9774-4536-B8C6-1C53E984F70A}.Debug|Mixed Platforms.ActiveCfg = Debug|Win32
		{7F51A584-9774-4536-B8C6-1C53E984F70A}.Debug|Mixed Platforms.Build.0 = Debug|Win32
		{7F51A584-9774-4536-B8C6-1C53E984F70A}.Debug|Win32.ActiveCfg = Debug|Win32
		{7F51A584-9774-4536-B8C6-1C53E984F70A}.Debug|Win32.Build.0 = Debug|Win32
		{7F51A584-9774-4536-B8C6-1C53E984F70A}.Debug|x86.ActiveCfg = Debug|Win32
		{7F51A584-9774-4536-B8C6-1C53E984F70A}.Release|Mixed Platforms.ActiveCfg = Release|Win32
		{7F51A584-9774-4536-B8C6-1C53E984F70A}.Release|Mixed Platforms.Build.0 = Release|Win32
		{7F51A584-9774-4536-B8C6-1C53E984F70A}.Release|Win32.ActiveCfg = Release|Win32
		{7F51A584-9774-4536-B8C6-1C53E984F70A}.Release|Win32.Build.0 = Release|Win32
		{7F51A584-9774-4536-B8C6-1C53E984F70A}.Release|x86.ActiveCfg = Release|Win32
		{D9E73759-DF05-45C1-B0FE-EC72CC6A1EFC}.Debug|Mixed Platforms.ActiveCfg = Debug|Win32
		{D9E73759-DF05-45C1-B0FE-EC72CC6A1EFC}.Debug|Mixed Platforms.Build.0 = Debug|Win32
		{D9E73759-DF05-45C1-B0FE-EC72CC6A1EFC}.Debug|Win32.ActiveCfg = Debug|Win32
		{D9E73759-DF05-45C1-B0FE-EC72CC6A1EFC}.Debug|Win32.Build.0 = Debug|Win32
		{D9E73759-DF05-45C1-B0FE-EC72CC6A1EFC}.Debug|x86.ActiveCfg = Debug|Win32
		{D9E73759-DF05-45C1-B0FE-EC72CC6A1EFC}.Release|Mixed Platforms.ActiveCfg = Release|Win32
		{D9E73759-DF05-45C1-B0FE-EC72CC6A1EFC}.Release|Mixed Platforms.Build.0 = Release|Win32
		{D9E73759-DF05-45C1-B0FE-EC72CC6A1EFC}.Release|Win32.ActiveCfg = Release|Win32
		{D9E73759-DF05-45C1-B0FE-EC72CC6A1EFC}.Release|Win32.Build.0 = Release|Win32
		{D9E73759-DF05-45C1-B0FE-EC72CC6A1EFC}.Release|x86.ActiveCfg = Release|Win32
		{DE50B4AA-15DF-47EF-B827-38F1C4AB134B}.Debug|Mixed Platforms.ActiveCfg = Debug|Win32
		{DE50B4AA-15DF-47EF-B827-38F1C4AB134B}.Debug|Mixed Platforms.Build.0 = Debug|Win32
		{DE50B4AA-15DF-47EF-B827-38F1C4AB134B}.Debug|Win32.ActiveCfg = Debug|Win32
		{DE50B4AA-15DF-47EF-B827-38F1C4AB134B}.Debug|Win32.Build.0 = Debug|Win32
		{DE50B4AA-15DF-47EF-B827-38F1C4AB134B}.Debug|x86.ActiveCfg = Debug|Win32
		{DE50B4AA-15DF-47EF-B827-38F1C4AB134B}.Release|Mixed Platforms.ActiveCfg = Release|Win32
		{DE50B4AA-15DF-47EF-B827-38F1C4AB134B}.Release|Mixed Platforms.Build.0 = Release|Win32
		{DE50B4AA-15DF-47EF-B827-38F1C4AB134B}.Release|Win32.ActiveCfg = Release|Win32
		{DE50B4AA-15DF-47EF-B827-38F1C4AB134B}.Release|Win32.Build.0 = Release|Win32
		{DE50B4AA-15DF-47EF-B827-38F1C4AB134B}.Release|x86.ActiveCfg = Release|Win32
		{221A0BFD-4713-4556-B3DC-145E6B506605}.Debug|Mixed Platforms.ActiveCfg = Debug|Win32
		{221A0BFD-4713-4556-B3DC-145E6B506605}.Debug|Mixed Platforms.Build.0 = Debug|Win32
		{221A0BFD-4713-4556-B3DC-145E6B506605}.Debug|Win32.ActiveCfg = Debug|Win32
		{221A0BFD-4713-4556-B3DC-145E6B506605}.Debug|Win32.Build.0 = Debug|Win32
		{221A0BFD-4713-4556-B3DC-145E6B506605}.Debug|x86.ActiveCfg = Debug|Win32
		{221A0BFD-4713-4556-B3DC-145E6B506605}.Release|Mixed Platforms.ActiveCfg = Release|Win32
		{221A0BFD-4713-4556-B3DC-145E6B506605}.Release|Mixed Platforms.Build.0 = Release|Win32
		{221A0BFD-4713-4556-B3DC-145E6B506605}.Release|Win32.ActiveCfg = Release|Win32
		{221A0BFD-4713-4556-B3DC-145E6B506605}.Release|Win32.Build.0 = Release|Win32
		{221A0BFD-4713-4556-B3DC-145E6B506605}.Release|x86.ActiveCfg = Release|Win32
	EndGlobalSection
	GlobalSection(SolutionProperties) = preSolution
		HideSolutionNode = FALSE
	EndGlobalSection
EndGlobal
